// !$*UTF8*$!
{
	archiveVersion = 1;
	classes = {
	};
	objectVersion = 56;
	objects = {

/* Begin PBXBuildFile section */
		8A516BCB9FDD5C7B6A01F1CA /* Pods_Calculator.framework in Frameworks */ = {isa = PBXBuildFile; fileRef = B8922AE81FAB52A48ED1216F /* Pods_Calculator.framework */; };
		E6CE2C5E299A9F630017373E /* AppDelegate.swift in Sources */ = {isa = PBXBuildFile; fileRef = E6CE2C5D299A9F630017373E /* AppDelegate.swift */; };
		E6CE2C60299A9F630017373E /* SceneDelegate.swift in Sources */ = {isa = PBXBuildFile; fileRef = E6CE2C5F299A9F630017373E /* SceneDelegate.swift */; };
		E6CE2C62299A9F630017373E /* CalcController.swift in Sources */ = {isa = PBXBuildFile; fileRef = E6CE2C61299A9F630017373E /* CalcController.swift */; };
		E6CE2C67299A9F640017373E /* Assets.xcassets in Resources */ = {isa = PBXBuildFile; fileRef = E6CE2C66299A9F640017373E /* Assets.xcassets */; };
		E6CE2C6A299A9F640017373E /* LaunchScreen.storyboard in Resources */ = {isa = PBXBuildFile; fileRef = E6CE2C68299A9F640017373E /* LaunchScreen.storyboard */; };
		E6CE2C75299AA3770017373E /* CalcControllerViewModel.swift in Sources */ = {isa = PBXBuildFile; fileRef = E6CE2C74299AA3770017373E /* CalcControllerViewModel.swift */; };
		E6CE2C77299AA3E50017373E /* ButtonCell.swift in Sources */ = {isa = PBXBuildFile; fileRef = E6CE2C76299AA3E50017373E /* ButtonCell.swift */; };
		E6CE2C79299AA4B50017373E /* CalcHeadeCell.swift in Sources */ = {isa = PBXBuildFile; fileRef = E6CE2C78299AA4B50017373E /* CalcHeadeCell.swift */; };
		E6CE2C7B299AA5340017373E /* CalculatorButton.swift in Sources */ = {isa = PBXBuildFile; fileRef = E6CE2C7A299AA5340017373E /* CalculatorButton.swift */; };
		E6CE2C8729C223E70017373E /* CalculatorOperation.swift in Sources */ = {isa = PBXBuildFile; fileRef = E6CE2C8629C223E70017373E /* CalculatorOperation.swift */; };
		E6CE2C8929C22C650017373E /* Extensions.swift in Sources */ = {isa = PBXBuildFile; fileRef = E6CE2C8829C22C650017373E /* Extensions.swift */; };
/* End PBXBuildFile section */

/* Begin PBXFileReference section */
		A95E571ED379851073D1B430 /* Pods-Calculator.release.xcconfig */ = {isa = PBXFileReference; includeInIndex = 1; lastKnownFileType = text.xcconfig; name = "Pods-Calculator.release.xcconfig"; path = "Target Support Files/Pods-Calculator/Pods-Calculator.release.xcconfig"; sourceTree = "<group>"; };
		B8922AE81FAB52A48ED1216F /* Pods_Calculator.framework */ = {isa = PBXFileReference; explicitFileType = wrapper.framework; includeInIndex = 0; path = Pods_Calculator.framework; sourceTree = BUILT_PRODUCTS_DIR; };
		BED17FBF134DABC63BFBE03C /* Pods-Calculator.debug.xcconfig */ = {isa = PBXFileReference; includeInIndex = 1; lastKnownFileType = text.xcconfig; name = "Pods-Calculator.debug.xcconfig"; path = "Target Support Files/Pods-Calculator/Pods-Calculator.debug.xcconfig"; sourceTree = "<group>"; };
		E6CE2C5A299A9F630017373E /* Calculator.app */ = {isa = PBXFileReference; explicitFileType = wrapper.application; includeInIndex = 0; path = Calculator.app; sourceTree = BUILT_PRODUCTS_DIR; };
		E6CE2C5D299A9F630017373E /* AppDelegate.swift */ = {isa = PBXFileReference; lastKnownFileType = sourcecode.swift; path = AppDelegate.swift; sourceTree = "<group>"; };
		E6CE2C5F299A9F630017373E /* SceneDelegate.swift */ = {isa = PBXFileReference; lastKnownFileType = sourcecode.swift; path = SceneDelegate.swift; sourceTree = "<group>"; };
		E6CE2C61299A9F630017373E /* CalcController.swift */ = {isa = PBXFileReference; lastKnownFileType = sourcecode.swift; path = CalcController.swift; sourceTree = "<group>"; };
		E6CE2C66299A9F640017373E /* Assets.xcassets */ = {isa = PBXFileReference; lastKnownFileType = folder.assetcatalog; path = Assets.xcassets; sourceTree = "<group>"; };
		E6CE2C69299A9F640017373E /* Base */ = {isa = PBXFileReference; lastKnownFileType = file.storyboard; name = Base; path = Base.lproj/LaunchScreen.storyboard; sourceTree = "<group>"; };
		E6CE2C6B299A9F640017373E /* Info.plist */ = {isa = PBXFileReference; lastKnownFileType = text.plist.xml; path = Info.plist; sourceTree = "<group>"; };
		E6CE2C74299AA3770017373E /* CalcControllerViewModel.swift */ = {isa = PBXFileReference; lastKnownFileType = sourcecode.swift; path = CalcControllerViewModel.swift; sourceTree = "<group>"; };
		E6CE2C76299AA3E50017373E /* ButtonCell.swift */ = {isa = PBXFileReference; lastKnownFileType = sourcecode.swift; path = ButtonCell.swift; sourceTree = "<group>"; };
		E6CE2C78299AA4B50017373E /* CalcHeadeCell.swift */ = {isa = PBXFileReference; lastKnownFileType = sourcecode.swift; path = CalcHeadeCell.swift; sourceTree = "<group>"; };
		E6CE2C7A299AA5340017373E /* CalculatorButton.swift */ = {isa = PBXFileReference; lastKnownFileType = sourcecode.swift; path = CalculatorButton.swift; sourceTree = "<group>"; };
		E6CE2C8629C223E70017373E /* CalculatorOperation.swift */ = {isa = PBXFileReference; lastKnownFileType = sourcecode.swift; path = CalculatorOperation.swift; sourceTree = "<group>"; };
		E6CE2C8829C22C650017373E /* Extensions.swift */ = {isa = PBXFileReference; lastKnownFileType = sourcecode.swift; path = Extensions.swift; sourceTree = "<group>"; };
/* End PBXFileReference section */

/* Begin PBXFrameworksBuildPhase section */
		E6CE2C57299A9F630017373E /* Frameworks */ = {
			isa = PBXFrameworksBuildPhase;
			buildActionMask = 2147483647;
			files = (
				8A516BCB9FDD5C7B6A01F1CA /* Pods_Calculator.framework in Frameworks */,
			);
			runOnlyForDeploymentPostprocessing = 0;
		};
/* End PBXFrameworksBuildPhase section */

/* Begin PBXGroup section */
		9B632ACC4A03675D9122F025 /* Frameworks */ = {
			isa = PBXGroup;
			children = (
				B8922AE81FAB52A48ED1216F /* Pods_Calculator.framework */,
			);
			name = Frameworks;
			sourceTree = "<group>";
		};
		D9AEE6D7FE8947462087B755 /* Pods */ = {
			isa = PBXGroup;
			children = (
				BED17FBF134DABC63BFBE03C /* Pods-Calculator.debug.xcconfig */,
				A95E571ED379851073D1B430 /* Pods-Calculator.release.xcconfig */,
			);
			path = Pods;
			sourceTree = "<group>";
		};
		E6CE2C51299A9F630017373E = {
			isa = PBXGroup;
			children = (
				E6CE2C5C299A9F630017373E /* Calculator */,
				E6CE2C5B299A9F630017373E /* Products */,
				D9AEE6D7FE8947462087B755 /* Pods */,
				9B632ACC4A03675D9122F025 /* Frameworks */,
			);
			sourceTree = "<group>";
		};
		E6CE2C5B299A9F630017373E /* Products */ = {
			isa = PBXGroup;
			children = (
				E6CE2C5A299A9F630017373E /* Calculator.app */,
			);
			name = Products;
			sourceTree = "<group>";
		};
		E6CE2C5C299A9F630017373E /* Calculator */ = {
			isa = PBXGroup;
			children = (
				E6CE2C61299A9F630017373E /* CalcController.swift */,
				E6CE2C74299AA3770017373E /* CalcControllerViewModel.swift */,
				E6CE2C73299AA21E0017373E /* Views */,
				E6CE2C72299AA20F0017373E /* Models */,
				E6CE2C71299AA18C0017373E /* Supporting */,
				E6CE2C6B299A9F640017373E /* Info.plist */,
			);
			path = Calculator;
			sourceTree = "<group>";
		};
		E6CE2C71299AA18C0017373E /* Supporting */ = {
			isa = PBXGroup;
			children = (
				E6CE2C5F299A9F630017373E /* SceneDelegate.swift */,
				E6CE2C5D299A9F630017373E /* AppDelegate.swift */,
				E6CE2C66299A9F640017373E /* Assets.xcassets */,
				E6CE2C68299A9F640017373E /* LaunchScreen.storyboard */,
				E6CE2C8829C22C650017373E /* Extensions.swift */,
			);
			path = Supporting;
			sourceTree = "<group>";
		};
		E6CE2C72299AA20F0017373E /* Models */ = {
			isa = PBXGroup;
			children = (
				E6CE2C7A299AA5340017373E /* CalculatorButton.swift */,
				E6CE2C8629C223E70017373E /* CalculatorOperation.swift */,
			);
			path = Models;
			sourceTree = "<group>";
		};
		E6CE2C73299AA21E0017373E /* Views */ = {
			isa = PBXGroup;
			children = (
				E6CE2C76299AA3E50017373E /* ButtonCell.swift */,
				E6CE2C78299AA4B50017373E /* CalcHeadeCell.swift */,
			);
			path = Views;
			sourceTree = "<group>";
		};
/* End PBXGroup section */

/* Begin PBXNativeTarget section */
		E6CE2C59299A9F630017373E /* Calculator */ = {
			isa = PBXNativeTarget;
			buildConfigurationList = E6CE2C6E299A9F640017373E /* Build configuration list for PBXNativeTarget "Calculator" */;
			buildPhases = (
				25FBC0B3922215C6CD6A4BEE /* [CP] Check Pods Manifest.lock */,
				E6CE2C56299A9F630017373E /* Sources */,
				E6CE2C57299A9F630017373E /* Frameworks */,
				E6CE2C58299A9F630017373E /* Resources */,
				B392C5855E33B8132343BF21 /* [CP] Embed Pods Frameworks */,
			);
			buildRules = (
			);
			dependencies = (
			);
			name = Calculator;
			productName = Calculator;
			productReference = E6CE2C5A299A9F630017373E /* Calculator.app */;
			productType = "com.apple.product-type.application";
		};
/* End PBXNativeTarget section */

/* Begin PBXProject section */
		E6CE2C52299A9F630017373E /* Project object */ = {
			isa = PBXProject;
			attributes = {
				BuildIndependentTargetsInParallel = 1;
				LastSwiftUpdateCheck = 1420;
				LastUpgradeCheck = 1420;
				TargetAttributes = {
					E6CE2C59299A9F630017373E = {
						CreatedOnToolsVersion = 14.2;
					};
				};
			};
			buildConfigurationList = E6CE2C55299A9F630017373E /* Build configuration list for PBXProject "Calculator" */;
			compatibilityVersion = "Xcode 14.0";
			developmentRegion = en;
			hasScannedForEncodings = 0;
			knownRegions = (
				en,
				Base,
			);
			mainGroup = E6CE2C51299A9F630017373E;
			productRefGroup = E6CE2C5B299A9F630017373E /* Products */;
			projectDirPath = "";
			projectRoot = "";
			targets = (
				E6CE2C59299A9F630017373E /* Calculator */,
			);
		};
/* End PBXProject section */

/* Begin PBXResourcesBuildPhase section */
		E6CE2C58299A9F630017373E /* Resources */ = {
			isa = PBXResourcesBuildPhase;
			buildActionMask = 2147483647;
			files = (
				E6CE2C6A299A9F640017373E /* LaunchScreen.storyboard in Resources */,
				E6CE2C67299A9F640017373E /* Assets.xcassets in Resources */,
			);
			runOnlyForDeploymentPostprocessing = 0;
		};
/* End PBXResourcesBuildPhase section */

/* Begin PBXShellScriptBuildPhase section */
		25FBC0B3922215C6CD6A4BEE /* [CP] Check Pods Manifest.lock */ = {
			isa = PBXShellScriptBuildPhase;
			buildActionMask = 2147483647;
			files = (
			);
			inputFileListPaths = (
			);
			inputPaths = (
				"${PODS_PODFILE_DIR_PATH}/Podfile.lock",
				"${PODS_ROOT}/Manifest.lock",
			);
			name = "[CP] Check Pods Manifest.lock";
			outputFileListPaths = (
			);
			outputPaths = (
				"$(DERIVED_FILE_DIR)/Pods-Calculator-checkManifestLockResult.txt",
			);
			runOnlyForDeploymentPostprocessing = 0;
			shellPath = /bin/sh;
			shellScript = "diff \"${PODS_PODFILE_DIR_PATH}/Podfile.lock\" \"${PODS_ROOT}/Manifest.lock\" > /dev/null\nif [ $? != 0 ] ; then\n    # print error to STDERR\n    echo \"error: The sandbox is not in sync with the Podfile.lock. Run 'pod install' or update your CocoaPods installation.\" >&2\n    exit 1\nfi\n# This output is used by Xcode 'outputs' to avoid re-running this script phase.\necho \"SUCCESS\" > \"${SCRIPT_OUTPUT_FILE_0}\"\n";
			showEnvVarsInLog = 0;
		};
		B392C5855E33B8132343BF21 /* [CP] Embed Pods Frameworks */ = {
			isa = PBXShellScriptBuildPhase;
			buildActionMask = 2147483647;
			files = (
			);
			inputFileListPaths = (
				"${PODS_ROOT}/Target Support Files/Pods-Calculator/Pods-Calculator-frameworks-${CONFIGURATION}-input-files.xcfilelist",
			);
			name = "[CP] Embed Pods Frameworks";
			outputFileListPaths = (
				"${PODS_ROOT}/Target Support Files/Pods-Calculator/Pods-Calculator-frameworks-${CONFIGURATION}-output-files.xcfilelist",
			);
			runOnlyForDeploymentPostprocessing = 0;
			shellPath = /bin/sh;
			shellScript = "\"${PODS_ROOT}/Target Support Files/Pods-Calculator/Pods-Calculator-frameworks.sh\"\n";
			showEnvVarsInLog = 0;
		};
/* End PBXShellScriptBuildPhase section */

/* Begin PBXSourcesBuildPhase section */
		E6CE2C56299A9F630017373E /* Sources */ = {
			isa = PBXSourcesBuildPhase;
			buildActionMask = 2147483647;
			files = (
				E6CE2C62299A9F630017373E /* CalcController.swift in Sources */,
				E6CE2C8929C22C650017373E /* Extensions.swift in Sources */,
				E6CE2C7B299AA5340017373E /* CalculatorButton.swift in Sources */,
				E6CE2C5E299A9F630017373E /* AppDelegate.swift in Sources */,
				E6CE2C60299A9F630017373E /* SceneDelegate.swift in Sources */,
				E6CE2C77299AA3E50017373E /* ButtonCell.swift in Sources */,
				E6CE2C79299AA4B50017373E /* CalcHeadeCell.swift in Sources */,
				E6CE2C75299AA3770017373E /* CalcControllerViewModel.swift in Sources */,
				E6CE2C8729C223E70017373E /* CalculatorOperation.swift in Sources */,
			);
			runOnlyForDeploymentPostprocessing = 0;
		};
/* End PBXSourcesBuildPhase section */

/* Begin PBXVariantGroup section */
		E6CE2C68299A9F640017373E /* LaunchScreen.storyboard */ = {
			isa = PBXVariantGroup;
			children = (
				E6CE2C69299A9F640017373E /* Base */,
			);
			name = LaunchScreen.storyboard;
			sourceTree = "<group>";
		};
/* End PBXVariantGroup section */

/* Begin XCBuildConfiguration section */
		E6CE2C6C299A9F640017373E /* Debug */ = {
			isa = XCBuildConfiguration;
			buildSettings = {
				ALWAYS_SEARCH_USER_PATHS = NO;
				CLANG_ANALYZER_NONNULL = YES;
				CLANG_ANALYZER_NUMBER_OBJECT_CONVERSION = YES_AGGRESSIVE;
				CLANG_CXX_LANGUAGE_STANDARD = "gnu++20";
				CLANG_ENABLE_MODULES = YES;
				CLANG_ENABLE_OBJC_ARC = YES;
				CLANG_ENABLE_OBJC_WEAK = YES;
				CLANG_WARN_BLOCK_CAPTURE_AUTORELEASING = YES;
				CLANG_WARN_BOOL_CONVERSION = YES;
				CLANG_WARN_COMMA = YES;
				CLANG_WARN_CONSTANT_CONVERSION = YES;
				CLANG_WARN_DEPRECATED_OBJC_IMPLEMENTATIONS = YES;
				CLANG_WARN_DIRECT_OBJC_ISA_USAGE = YES_ERROR;
				CLANG_WARN_DOCUMENTATION_COMMENTS = YES;
				CLANG_WARN_EMPTY_BODY = YES;
				CLANG_WARN_ENUM_CONVERSION = YES;
				CLANG_WARN_INFINITE_RECURSION = YES;
				CLANG_WARN_INT_CONVERSION = YES;
				CLANG_WARN_NON_LITERAL_NULL_CONVERSION = YES;
				CLANG_WARN_OBJC_IMPLICIT_RETAIN_SELF = YES;
				CLANG_WARN_OBJC_LITERAL_CONVERSION = YES;
				CLANG_WARN_OBJC_ROOT_CLASS = YES_ERROR;
				CLANG_WARN_QUOTED_INCLUDE_IN_FRAMEWORK_HEADER = YES;
				CLANG_WARN_RANGE_LOOP_ANALYSIS = YES;
				CLANG_WARN_STRICT_PROTOTYPES = YES;
				CLANG_WARN_SUSPICIOUS_MOVE = YES;
				CLANG_WARN_UNGUARDED_AVAILABILITY = YES_AGGRESSIVE;
				CLANG_WARN_UNREACHABLE_CODE = YES;
				CLANG_WARN__DUPLICATE_METHOD_MATCH = YES;
				COPY_PHASE_STRIP = NO;
				DEBUG_INFORMATION_FORMAT = dwarf;
				ENABLE_STRICT_OBJC_MSGSEND = YES;
				ENABLE_TESTABILITY = YES;
				GCC_C_LANGUAGE_STANDARD = gnu11;
				GCC_DYNAMIC_NO_PIC = NO;
				GCC_NO_COMMON_BLOCKS = YES;
				GCC_OPTIMIZATION_LEVEL = 0;
				GCC_PREPROCESSOR_DEFINITIONS = (
					"DEBUG=1",
					"$(inherited)",
				);
				GCC_WARN_64_TO_32_BIT_CONVERSION = YES;
				GCC_WARN_ABOUT_RETURN_TYPE = YES_ERROR;
				GCC_WARN_UNDECLARED_SELECTOR = YES;
				GCC_WARN_UNINITIALIZED_AUTOS = YES_AGGRESSIVE;
				GCC_WARN_UNUSED_FUNCTION = YES;
				GCC_WARN_UNUSED_VARIABLE = YES;
				IPHONEOS_DEPLOYMENT_TARGET = 16.2;
				MTL_ENABLE_DEBUG_INFO = INCLUDE_SOURCE;
				MTL_FAST_MATH = YES;
				ONLY_ACTIVE_ARCH = YES;
				SDKROOT = iphoneos;
				SWIFT_ACTIVE_COMPILATION_CONDITIONS = DEBUG;
				SWIFT_OPTIMIZATION_LEVEL = "-Onone";
			};
			name = Debug;
		};
		E6CE2C6D299A9F640017373E /* Release */ = {
			isa = XCBuildConfiguration;
			buildSettings = {
				ALWAYS_SEARCH_USER_PATHS = NO;
				CLANG_ANALYZER_NONNULL = YES;
				CLANG_ANALYZER_NUMBER_OBJECT_CONVERSION = YES_AGGRESSIVE;
				CLANG_CXX_LANGUAGE_STANDARD = "gnu++20";
				CLANG_ENABLE_MODULES = YES;
				CLANG_ENABLE_OBJC_ARC = YES;
				CLANG_ENABLE_OBJC_WEAK = YES;
				CLANG_WARN_BLOCK_CAPTURE_AUTORELEASING = YES;
				CLANG_WARN_BOOL_CONVERSION = YES;
				CLANG_WARN_COMMA = YES;
				CLANG_WARN_CONSTANT_CONVERSION = YES;
				CLANG_WARN_DEPRECATED_OBJC_IMPLEMENTATIONS = YES;
				CLANG_WARN_DIRECT_OBJC_ISA_USAGE = YES_ERROR;
				CLANG_WARN_DOCUMENTATION_COMMENTS = YES;
				CLANG_WARN_EMPTY_BODY = YES;
				CLANG_WARN_ENUM_CONVERSION = YES;
				CLANG_WARN_INFINITE_RECURSION = YES;
				CLANG_WARN_INT_CONVERSION = YES;
				CLANG_WARN_NON_LITERAL_NULL_CONVERSION = YES;
				CLANG_WARN_OBJC_IMPLICIT_RETAIN_SELF = YES;
				CLANG_WARN_OBJC_LITERAL_CONVERSION = YES;
				CLANG_WARN_OBJC_ROOT_CLASS = YES_ERROR;
				CLANG_WARN_QUOTED_INCLUDE_IN_FRAMEWORK_HEADER = YES;
				CLANG_WARN_RANGE_LOOP_ANALYSIS = YES;
				CLANG_WARN_STRICT_PROTOTYPES = YES;
				CLANG_WARN_SUSPICIOUS_MOVE = YES;
				CLANG_WARN_UNGUARDED_AVAILABILITY = YES_AGGRESSIVE;
				CLANG_WARN_UNREACHABLE_CODE = YES;
				CLANG_WARN__DUPLICATE_METHOD_MATCH = YES;
				COPY_PHASE_STRIP = NO;
				DEBUG_INFORMATION_FORMAT = "dwarf-with-dsym";
				ENABLE_NS_ASSERTIONS = NO;
				ENABLE_STRICT_OBJC_MSGSEND = YES;
				GCC_C_LANGUAGE_STANDARD = gnu11;
				GCC_NO_COMMON_BLOCKS = YES;
				GCC_WARN_64_TO_32_BIT_CONVERSION = YES;
				GCC_WARN_ABOUT_RETURN_TYPE = YES_ERROR;
				GCC_WARN_UNDECLARED_SELECTOR = YES;
				GCC_WARN_UNINITIALIZED_AUTOS = YES_AGGRESSIVE;
				GCC_WARN_UNUSED_FUNCTION = YES;
				GCC_WARN_UNUSED_VARIABLE = YES;
				IPHONEOS_DEPLOYMENT_TARGET = 16.2;
				MTL_ENABLE_DEBUG_INFO = NO;
				MTL_FAST_MATH = YES;
				SDKROOT = iphoneos;
				SWIFT_COMPILATION_MODE = wholemodule;
				SWIFT_OPTIMIZATION_LEVEL = "-O";
				VALIDATE_PRODUCT = YES;
			};
			name = Release;
		};
		E6CE2C6F299A9F640017373E /* Debug */ = {
			isa = XCBuildConfiguration;
			baseConfigurationReference = BED17FBF134DABC63BFBE03C /* Pods-Calculator.debug.xcconfig */;
			buildSettings = {
				ASSETCATALOG_COMPILER_APPICON_NAME = AppIcon;
				ASSETCATALOG_COMPILER_GLOBAL_ACCENT_COLOR_NAME = AccentColor;
				CODE_SIGN_STYLE = Automatic;
				CURRENT_PROJECT_VERSION = 1;
				GENERATE_INFOPLIST_FILE = YES;
				INFOPLIST_FILE = Calculator/Info.plist;
				INFOPLIST_KEY_UIApplicationSupportsIndirectInputEvents = YES;
				INFOPLIST_KEY_UILaunchStoryboardName = LaunchScreen;
				INFOPLIST_KEY_UISupportedInterfaceOrientations_iPad = "UIInterfaceOrientationPortrait UIInterfaceOrientationPortraitUpsideDown UIInterfaceOrientationLandscapeLeft UIInterfaceOrientationLandscapeRight";
				INFOPLIST_KEY_UISupportedInterfaceOrientations_iPhone = "UIInterfaceOrientationPortrait UIInterfaceOrientationLandscapeLeft UIInterfaceOrientationLandscapeRight";
				LD_RUNPATH_SEARCH_PATHS = (
					"$(inherited)",
					"@executable_path/Frameworks",
				);
				MARKETING_VERSION = 1.0;
				PRODUCT_BUNDLE_IDENTIFIER = vika.Calculator;
				PRODUCT_NAME = "$(TARGET_NAME)";
				SWIFT_EMIT_LOC_STRINGS = YES;
				SWIFT_VERSION = 5.0;
				TARGETED_DEVICE_FAMILY = "1,2";
			};
			name = Debug;
		};
		E6CE2C70299A9F640017373E /* Release */ = {
			isa = XCBuildConfiguration;
			baseConfigurationReference = A95E571ED379851073D1B430 /* Pods-Calculator.release.xcconfig */;
			buildSettings = {
				ASSETCATALOG_COMPILER_APPICON_NAME = AppIcon;
				ASSETCATALOG_COMPILER_GLOBAL_ACCENT_COLOR_NAME = AccentColor;
				CODE_SIGN_STYLE = Automatic;
				CURRENT_PROJECT_VERSION = 1;
				GENERATE_INFOPLIST_FILE = YES;
				INFOPLIST_FILE = Calculator/Info.plist;
				INFOPLIST_KEY_UIApplicationSupportsIndirectInputEvents = YES;
				INFOPLIST_KEY_UILaunchStoryboardName = LaunchScreen;
				INFOPLIST_KEY_UISupportedInterfaceOrientations_iPad = "UIInterfaceOrientationPortrait UIInterfaceOrientationPortraitUpsideDown UIInterfaceOrientationLandscapeLeft UIInterfaceOrientationLandscapeRight";
				INFOPLIST_KEY_UISupportedInterfaceOrientations_iPhone = "UIInterfaceOrientationPortrait UIInterfaceOrientationLandscapeLeft UIInterfaceOrientationLandscapeRight";
				LD_RUNPATH_SEARCH_PATHS = (
					"$(inherited)",
					"@executable_path/Frameworks",
				);
				MARKETING_VERSION = 1.0;
				PRODUCT_BUNDLE_IDENTIFIER = vika.Calculator;
				PRODUCT_NAME = "$(TARGET_NAME)";
				SWIFT_EMIT_LOC_STRINGS = YES;
				SWIFT_VERSION = 5.0;
				TARGETED_DEVICE_FAMILY = "1,2";
			};
			name = Release;
		};
/* End XCBuildConfiguration section */

/* Begin XCConfigurationList section */
		E6CE2C55299A9F630017373E /* Build configuration list for PBXProject "Calculator" */ = {
			isa = XCConfigurationList;
			buildConfigurations = (
				E6CE2C6C299A9F640017373E /* Debug */,
				E6CE2C6D299A9F640017373E /* Release */,
			);
			defaultConfigurationIsVisible = 0;
			defaultConfigurationName = Release;
		};
		E6CE2C6E299A9F640017373E /* Build configuration list for PBXNativeTarget "Calculator" */ = {
			isa = XCConfigurationList;
			buildConfigurations = (
				E6CE2C6F299A9F640017373E /* Debug */,
				E6CE2C70299A9F640017373E /* Release */,
			);
			defaultConfigurationIsVisible = 0;
			defaultConfigurationName = Release;
		};
/* End XCConfigurationList section */
	};
	rootObject = E6CE2C52299A9F630017373E /* Project object */;
}
